
Microsoft Visual Studio Solution File, Format Version 12.00
# Visual Studio 2013
VisualStudioVersion = 12.0.40629.0
MinimumVisualStudioVersion = 10.0.40219.1
Project("{FAE04EC0-301F-11D3-BF4B-00C04F79EFBC}") = "PasswordSuspectsApplication", "PasswordSuspectsApplication\PasswordSuspectsApplication.csproj", "{5FB618DB-3DD7-4070-A147-856DEAB79A37}"
EndProject
Project("{FAE04EC0-301F-11D3-BF4B-00C04F79EFBC}") = "PasswordSuspectsTests", "PasswordSuspectsTests\PasswordSuspectsTests.csproj", "{5767FA27-F763-483F-A4BE-9A9C499BCC8E}"
EndProject
Project("{2150E333-8FDC-42A3-9474-1A3956D46DE8}") = ".nuget", ".nuget", "{1340E5E9-5C01-4DDA-9C49-D45809142265}"
	ProjectSection(SolutionItems) = preProject
		.nuget\packages.config = .nuget\packages.config
	EndProjectSection
EndProject
Project("{FAE04EC0-301F-11D3-BF4B-00C04F79EFBC}") = "PasswordDeterminationLogic", "PasswordDeterminationLogic\PasswordDeterminationLogic.csproj", "{9058A10B-064E-4627-95AD-0F1A8C4EFEED}"
EndProject
Global
	GlobalSection(SolutionConfigurationPlatforms) = preSolution
		Debug|Any CPU = Debug|Any CPU
		Release|Any CPU = Release|Any CPU
	EndGlobalSection
	GlobalSection(ProjectConfigurationPlatforms) = postSolution
		{5FB618DB-3DD7-4070-A147-856DEAB79A37}.Debug|Any CPU.ActiveCfg = Debug|Any CPU
		{5FB618DB-3DD7-4070-A147-856DEAB79A37}.Debug|Any CPU.Build.0 = Debug|Any CPU
		{5FB618DB-3DD7-4070-A147-856DEAB79A37}.Release|Any CPU.ActiveCfg = Release|Any CPU
		{5FB618DB-3DD7-4070-A147-856DEAB79A37}.Release|Any CPU.Build.0 = Release|Any CPU
		{5767FA27-F763-483F-A4BE-9A9C499BCC8E}.Debug|Any CPU.ActiveCfg = Debug|Any CPU
		{5767FA27-F763-483F-A4BE-9A9C499BCC8E}.Debug|Any CPU.Build.0 = Debug|Any CPU
		{5767FA27-F763-483F-A4BE-9A9C499BCC8E}.Release|Any CPU.ActiveCfg = Release|Any CPU
		{5767FA27-F763-483F-A4BE-9A9C499BCC8E}.Release|Any CPU.Build.0 = Release|Any CPU
		{9058A10B-064E-4627-95AD-0F1A8C4EFEED}.Debug|Any CPU.ActiveCfg = Debug|Any CPU
		{9058A10B-064E-4627-95AD-0F1A8C4EFEED}.Debug|Any CPU.Build.0 = Debug|Any CPU
		{9058A10B-064E-4627-95AD-0F1A8C4EFEED}.Release|Any CPU.ActiveCfg = Release|Any CPU
		{9058A10B-064E-4627-95AD-0F1A8C4EFEED}.Release|Any CPU.Build.0 = Release|Any CPU
	EndGlobalSection
	GlobalSection(SolutionProperties) = preSolution
		HideSolutionNode = FALSE
	EndGlobalSection
EndGlobal
